{
  "name": "raylibcmakesetup",
  "version": "1.0.0",
  "lockfileVersion": 3,
  "requires": true,
  "packages": {
    "": {
      "name": "raylibcmakesetup",
      "version": "1.0.0",
      "license": "ISC",
      "devDependencies": {
        "@shadowdara/seg": "^0.1.24",
        "samengine-cli": "2.0.6"
      }
    },
    "node_modules/@shadowdara/seg": {
      "version": "0.1.24",
      "resolved": "https://registry.npmjs.org/@shadowdara/seg/-/seg-0.1.24.tgz",
      "integrity": "sha512-DxIXoavu2OIH+CnwXBbZsjGWMP4tFbvHmQUn48r7D7CHAQA5lK0CzXFs01a/4nl8XsO4BuWH2fzAYHyIot/HNA==",
      "dev": true,
      "hasInstallScript": true,
      "bin": {
        "seg": "cli.js"
      }
    },
    "node_modules/samengine-cli": {
      "version": "2.0.6",
      "resolved": "https://registry.npmjs.org/samengine-cli/-/samengine-cli-2.0.6.tgz",
      "integrity": "sha512-D8XaN5uTbTnNpOG2QqxGDn1fB3Ur0y4WJYkzO9leVHakbOHOvsZkYhfAOzWe0Zc4ubyu5e14bayOHTcRkvfK2g==",
      "dev": true,
      "license": "MIT",
      "bin": {
        "sam-cli": "dist/cli/index.js"
      }
    }
  }
}
