lockfileVersion: '9.0'

settings:
  autoInstallPeers: true
  excludeLinksFromLockfile: false

importers:

  .:
    devDependencies:
      '@shadowdara/seg':
        specifier: ^0.1.24
        version: 0.1.24
      samengine-cli:
        specifier: 2.0.6
        version: 2.0.6

packages:

  '@shadowdara/seg@0.1.24':
    resolution: {integrity: sha512-DxIXoavu2OIH+CnwXBbZsjGWMP4tFbvHmQUn48r7D7CHAQA5lK0CzXFs01a/4nl8XsO4BuWH2fzAYHyIot/HNA==}
    hasBin: true

  samengine-cli@2.0.6:
    resolution: {integrity: sha512-D8XaN5uTbTnNpOG2QqxGDn1fB3Ur0y4WJYkzO9leVHakbOHOvsZkYhfAOzWe0Zc4ubyu5e14bayOHTcRkvfK2g==}
    hasBin: true

snapshots:

  '@shadowdara/seg@0.1.24': {}

  samengine-cli@2.0.6: {}
